{
  "version": 4,
  "terraform_version": "1.7.4",
  "serial": 738,
  "lineage": "45a090d9-ce06-19f9-ae61-bcc202143668",
  "outputs": {
    "backend_ecr": {
      "value": "759200944932.dkr.ecr.us-east-1.amazonaws.com/backend",
      "type": "string"
    },
    "cluster_name": {
      "value": "cluster",
      "type": "string"
    },
    "cluster_version": {
      "value": "1.25",
      "type": "string"
    },
    "frontend_ecr": {
      "value": "759200944932.dkr.ecr.us-east-1.amazonaws.com/frontend",
      "type": "string"
    },
    "github_action_user_arn": {
      "value": "arn:aws:iam::759200944932:user/github-action-user",
      "type": "string"
    }
  },
  "resources": [
    {
      "mode": "data",
      "type": "aws_iam_policy_document",
      "name": "assume_role_policy",
      "provider": "provider[\"registry.terraform.io/hashicorp/aws\"]",
      "instances": [
        {
          "schema_version": 0,
          "attributes": {
            "id": "1903849331",
            "json": "{\n  \"Version\": \"2012-10-17\",\n  \"Statement\": [\n    {\n      \"Sid\": \"\",\n      \"Effect\": \"Allow\",\n      \"Action\": \"sts:AssumeRole\",\n      \"Principal\": {\n        \"Service\": \"ec2.amazonaws.com\"\n      }\n    }\n  ]\n}",
            "override_json": null,
            "override_policy_documents": null,
            "policy_id": null,
            "source_json": null,
            "source_policy_documents": null,
            "statement": [
              {
                "actions": [
                  "sts:AssumeRole"
                ],
                "condition": [],
                "effect": "Allow",
                "not_actions": [],
                "not_principals": [],
                "not_resources": [],
                "principals": [
                  {
                    "identifiers": [
                      "ec2.amazonaws.com"
                    ],
                    "type": "Service"
                  }
                ],
                "resources": [],
                "sid": ""
              }
            ],
            "version": "2012-10-17"
          },
          "sensitive_attributes": []
        }
      ]
    },
    {
      "mode": "data",
      "type": "aws_iam_policy_document",
      "name": "github_policy",
      "provider": "provider[\"registry.terraform.io/hashicorp/aws\"]",
      "instances": [
        {
          "schema_version": 0,
          "attributes": {
            "id": "734760284",
            "json": "{\n  \"Version\": \"2012-10-17\",\n  \"Statement\": [\n    {\n      \"Sid\": \"\",\n      \"Effect\": \"Allow\",\n      \"Action\": [\n        \"iam:GetUser\",\n        \"eks:*\",\n        \"ecr:*\",\n        \"ec2:*\"\n      ],\n      \"Resource\": \"*\"\n    }\n  ]\n}",
            "override_json": null,
            "override_policy_documents": null,
            "policy_id": null,
            "source_json": null,
            "source_policy_documents": null,
            "statement": [
              {
                "actions": [
                  "ec2:*",
                  "ecr:*",
                  "eks:*",
                  "iam:GetUser"
                ],
                "condition": [],
                "effect": "Allow",
                "not_actions": [],
                "not_principals": [],
                "not_resources": [],
                "principals": [],
                "resources": [
                  "*"
                ],
                "sid": ""
              }
            ],
            "version": "2012-10-17"
          },
          "sensitive_attributes": []
        }
      ]
    },
    {
      "mode": "data",
      "type": "aws_ssm_parameter",
      "name": "eks_ami_release_version",
      "provider": "provider[\"registry.terraform.io/hashicorp/aws\"]",
      "instances": [
        {
          "schema_version": 0,
          "attributes": {
            "arn": "arn:aws:ssm:us-east-1::parameter/aws/service/eks/optimized-ami/1.25/amazon-linux-2/recommended/release_version",
            "id": "/aws/service/eks/optimized-ami/1.25/amazon-linux-2/recommended/release_version",
            "name": "/aws/service/eks/optimized-ami/1.25/amazon-linux-2/recommended/release_version",
            "type": "String",
            "value": "1.25.16-20240315",
            "version": 34,
            "with_decryption": true
          },
          "sensitive_attributes": []
        }
      ]
    },
    {
      "mode": "managed",
      "type": "aws_codebuild_project",
      "name": "codebuild",
      "provider": "provider[\"registry.terraform.io/hashicorp/aws\"]",
      "instances": [
        {
          "schema_version": 0,
          "attributes": {
            "arn": "arn:aws:codebuild:us-east-1:759200944932:project/udacity",
            "artifacts": [
              {
                "artifact_identifier": "",
                "bucket_owner_access": "",
                "encryption_disabled": false,
                "location": "",
                "name": "",
                "namespace_type": "",
                "override_artifact_name": false,
                "packaging": "",
                "path": "",
                "type": "NO_ARTIFACTS"
              }
            ],
            "badge_enabled": false,
            "badge_url": "",
            "build_batch_config": [],
            "build_timeout": 60,
            "cache": [
              {
                "location": "",
                "modes": null,
                "type": "NO_CACHE"
              }
            ],
            "concurrent_build_limit": 0,
            "description": "Udacity CodeBuild project",
            "encryption_key": "arn:aws:kms:us-east-1:759200944932:alias/aws/s3",
            "environment": [
              {
                "certificate": "",
                "compute_type": "BUILD_GENERAL1_SMALL",
                "environment_variable": [],
                "image": "aws/codebuild/standard:5.0",
                "image_pull_credentials_type": "CODEBUILD",
                "privileged_mode": true,
                "registry_credential": [],
                "type": "LINUX_CONTAINER"
              }
            ],
            "file_system_locations": [],
            "id": "arn:aws:codebuild:us-east-1:759200944932:project/udacity",
            "logs_config": [
              {
                "cloudwatch_logs": [
                  {
                    "group_name": "",
                    "status": "ENABLED",
                    "stream_name": ""
                  }
                ],
                "s3_logs": [
                  {
                    "bucket_owner_access": "",
                    "encryption_disabled": false,
                    "location": "",
                    "status": "DISABLED"
                  }
                ]
              }
            ],
            "name": "udacity",
            "project_visibility": "PRIVATE",
            "public_project_alias": "",
            "queued_timeout": 480,
            "resource_access_role": "",
            "secondary_artifacts": [],
            "secondary_source_version": [],
            "secondary_sources": [],
            "service_role": "arn:aws:iam::759200944932:role/codebuild-role",
            "source": [
              {
                "auth": [],
                "build_status_config": [],
                "buildspec": "buildspec.yml",
                "git_clone_depth": 1,
                "git_submodules_config": [],
                "insecure_ssl": false,
                "location": "https://github.com/PhilippeMitch/movie-picture-cicd-project",
                "report_build_status": false,
                "type": "GITHUB"
              }
            ],
            "source_version": "",
            "tags": null,
            "tags_all": {},
            "vpc_config": []
          },
          "sensitive_attributes": [],
          "private": "bnVsbA==",
          "dependencies": [
            "aws_iam_role.codebuild"
          ]
        }
      ]
    },
    {
      "mode": "managed",
      "type": "aws_ecr_repository",
      "name": "backend",
      "provider": "provider[\"registry.terraform.io/hashicorp/aws\"]",
      "instances": [
        {
          "schema_version": 0,
          "attributes": {
            "arn": "arn:aws:ecr:us-east-1:759200944932:repository/backend",
            "encryption_configuration": [
              {
                "encryption_type": "AES256",
                "kms_key": ""
              }
            ],
            "force_delete": true,
            "id": "backend",
            "image_scanning_configuration": [
              {
                "scan_on_push": true
              }
            ],
            "image_tag_mutability": "MUTABLE",
            "name": "backend",
            "registry_id": "759200944932",
            "repository_url": "759200944932.dkr.ecr.us-east-1.amazonaws.com/backend",
            "tags": null,
            "tags_all": {},
            "timeouts": null
          },
          "sensitive_attributes": [],
          "private": "eyJlMmJmYjczMC1lY2FhLTExZTYtOGY4OC0zNDM2M2JjN2M0YzAiOnsiZGVsZXRlIjoxMjAwMDAwMDAwMDAwfX0="
        }
      ]
    },
    {
      "mode": "managed",
      "type": "aws_ecr_repository",
      "name": "frontend",
      "provider": "provider[\"registry.terraform.io/hashicorp/aws\"]",
      "instances": [
        {
          "schema_version": 0,
          "attributes": {
            "arn": "arn:aws:ecr:us-east-1:759200944932:repository/frontend",
            "encryption_configuration": [
              {
                "encryption_type": "AES256",
                "kms_key": ""
              }
            ],
            "force_delete": true,
            "id": "frontend",
            "image_scanning_configuration": [
              {
                "scan_on_push": true
              }
            ],
            "image_tag_mutability": "MUTABLE",
            "name": "frontend",
            "registry_id": "759200944932",
            "repository_url": "759200944932.dkr.ecr.us-east-1.amazonaws.com/frontend",
            "tags": null,
            "tags_all": {},
            "timeouts": null
          },
          "sensitive_attributes": [],
          "private": "eyJlMmJmYjczMC1lY2FhLTExZTYtOGY4OC0zNDM2M2JjN2M0YzAiOnsiZGVsZXRlIjoxMjAwMDAwMDAwMDAwfX0="
        }
      ]
    },
    {
      "mode": "managed",
      "type": "aws_eks_cluster",
      "name": "main",
      "provider": "provider[\"registry.terraform.io/hashicorp/aws\"]",
      "instances": [
        {
          "schema_version": 0,
          "attributes": {
            "arn": "arn:aws:eks:us-east-1:759200944932:cluster/cluster",
            "certificate_authority": [
              {
                "data": "LS0tLS1CRUdJTiBDRVJUSUZJQ0FURS0tLS0tCk1JSURCVENDQWUyZ0F3SUJBZ0lJVWVtWmFINmY5Y2N3RFFZSktvWklodmNOQVFFTEJRQXdGVEVUTUJFR0ExVUUKQXhNS2EzVmlaWEp1WlhSbGN6QWVGdzB5TkRBME1ERXhNekUzTkRkYUZ3MHpOREF6TXpBeE16SXlORGRhTUJVeApFekFSQmdOVkJBTVRDbXQxWW1WeWJtVjBaWE13Z2dFaU1BMEdDU3FHU0liM0RRRUJBUVVBQTRJQkR3QXdnZ0VLCkFvSUJBUURvcFZFQU5wSTFBekpmM2gvdjR0Z0NJZ1NONGJpc29wTjB0VEYrNTdMK3dyZjU4UFYzcTVvREdNelMKSDZ1K3ZpSFNMdWxndmtMak5XK0hJNE5BbDFvWmVETUFUaytVSVpWZHoxYUo0ME9TTnQ5dFcrYnJuVUdKNlUzNQpzMVpVN0V2cGkvVUZKTWN2bmtyNzFLUzJZMG5PMTFtN2F2STRzT3A2czlqM1kxWGZvQ3pBRkhiOWVoWW5vTkhwCjlFMUJvckkzcHhobVlFRG1qWnM2NVBZZExQQ09FdnRRTG1JdWhBc1NyZEs4V2QvZFEvSVJMMVJTbWxRNnJEOE4KRTZSR2hnRktuaEVDM2MwOWQwZlo5UUxFc1pZL1A4Yi8yTHN3S0ZuRWVJbWpCYk13Zld0djFqVE5ZOGdCYnpQaQpUMHl4RTFKTmpjSnhpV2dLK3lBYm16eURBSi94QWdNQkFBR2pXVEJYTUE0R0ExVWREd0VCL3dRRUF3SUNwREFQCkJnTlZIUk1CQWY4RUJUQURBUUgvTUIwR0ExVWREZ1FXQkJRNWttRnNCVUJ3bWE3UzVRbDVjUHVWRHp6UUtUQVYKQmdOVkhSRUVEakFNZ2dwcmRXSmxjbTVsZEdWek1BMEdDU3FHU0liM0RRRUJDd1VBQTRJQkFRRFBRREM2WXQ5cQpGb3JDbkVIZkc5d29lN05Pci9FWFJiOWtpbWdkNzlzZVpxckQwTDBBL0p5dkpsZFFWYjB1YkxGSEpYeVJsUzNBCm44cGRlYi85QWxLZGwxb0pOck5HMWh5OXdYTmxYczRwMnFYK05GOFBQLzZkNUJPdUQ2S2kyczl0Mm5uUW54TWkKQkREc0M0MFB2ZmZlR0wyY2U5TDBCc0RsTjNhbTJTYXIzc0Zsc2JiVFZlWGZQbTREQXBiWk55MENmeE1vRzdUbgovdXduWE9STXdKUHI0VCtiVG4vbWJZa29pRk8vM2dKMGhzVlg4WHdaRDFEdEl6Snozak5aSFBtQlpKYnBsUE9rCjBHUjRPOEtwY3VJTDYzcUVQbm9BWlZwMjAzWXZVVnMxWm5sNDl1ektHNEhJY0tERE9hcDdMcTVuWnNXZGg4UncKRFpITnc0cGhTbm15Ci0tLS0tRU5EIENFUlRJRklDQVRFLS0tLS0K"
              }
            ],
            "cluster_id": null,
            "created_at": "2024-04-01 13:18:13.268 +0000 UTC",
            "enabled_cluster_log_types": null,
            "encryption_config": [],
            "endpoint": "https://4F1E30CD8A3E003D58EEE8BB76FC50AC.gr7.us-east-1.eks.amazonaws.com",
            "id": "cluster",
            "identity": [
              {
                "oidc": [
                  {
                    "issuer": "https://oidc.eks.us-east-1.amazonaws.com/id/4F1E30CD8A3E003D58EEE8BB76FC50AC"
                  }
                ]
              }
            ],
            "kubernetes_network_config": [
              {
                "ip_family": "ipv4",
                "service_ipv4_cidr": "172.20.0.0/16",
                "service_ipv6_cidr": ""
              }
            ],
            "name": "cluster",
            "outpost_config": [],
            "platform_version": "eks.17",
            "role_arn": "arn:aws:iam::759200944932:role/eks_cluster_role",
            "status": "ACTIVE",
            "tags": null,
            "tags_all": {},
            "timeouts": null,
            "version": "1.25",
            "vpc_config": [
              {
                "cluster_security_group_id": "sg-08abc54bf73074be7",
                "endpoint_private_access": true,
                "endpoint_public_access": true,
                "public_access_cidrs": [
                  "0.0.0.0/0"
                ],
                "security_group_ids": null,
                "subnet_ids": [
                  "subnet-080483c0f5938d060",
                  "subnet-0c79bc26436165478"
                ],
                "vpc_id": "vpc-0c4364ec132a7415c"
              }
            ]
          },
          "sensitive_attributes": [],
          "private": "eyJlMmJmYjczMC1lY2FhLTExZTYtOGY4OC0zNDM2M2JjN2M0YzAiOnsiY3JlYXRlIjoxODAwMDAwMDAwMDAwLCJkZWxldGUiOjkwMDAwMDAwMDAwMCwidXBkYXRlIjozNjAwMDAwMDAwMDAwfX0=",
          "dependencies": [
            "aws_iam_role.eks_cluster",
            "aws_iam_role_policy_attachment.eks_cluster",
            "aws_iam_role_policy_attachment.eks_service",
            "aws_subnet.private_subnet",
            "aws_subnet.public_subnet",
            "aws_vpc.vpc"
          ]
        }
      ]
    },
    {
      "mode": "managed",
      "type": "aws_eks_node_group",
      "name": "main",
      "provider": "provider[\"registry.terraform.io/hashicorp/aws\"]",
      "instances": [
        {
          "schema_version": 0,
          "attributes": {
            "ami_type": "AL2_x86_64",
            "arn": "arn:aws:eks:us-east-1:759200944932:nodegroup/cluster/udacity/bac74ceb-5cbe-a480-87c9-c3ff11cc6344",
            "capacity_type": "ON_DEMAND",
            "cluster_name": "cluster",
            "disk_size": 20,
            "force_update_version": null,
            "id": "cluster:udacity",
            "instance_types": [
              "t3.small"
            ],
            "labels": null,
            "launch_template": [],
            "node_group_name": "udacity",
            "node_group_name_prefix": "",
            "node_role_arn": "arn:aws:iam::759200944932:role/udacity-node-group",
            "release_version": "1.25.16-20240315",
            "remote_access": [],
            "resources": [
              {
                "autoscaling_groups": [
                  {
                    "name": "eks-udacity-bac74ceb-5cbe-a480-87c9-c3ff11cc6344"
                  }
                ],
                "remote_access_security_group_id": ""
              }
            ],
            "scaling_config": [
              {
                "desired_size": 1,
                "max_size": 1,
                "min_size": 1
              }
            ],
            "status": "ACTIVE",
            "subnet_ids": [
              "subnet-080483c0f5938d060"
            ],
            "tags": null,
            "tags_all": {},
            "taint": [],
            "timeouts": null,
            "update_config": [
              {
                "max_unavailable": 1,
                "max_unavailable_percentage": 0
              }
            ],
            "version": "1.25"
          },
          "sensitive_attributes": [],
          "private": "eyJlMmJmYjczMC1lY2FhLTExZTYtOGY4OC0zNDM2M2JjN2M0YzAiOnsiY3JlYXRlIjozNjAwMDAwMDAwMDAwLCJkZWxldGUiOjM2MDAwMDAwMDAwMDAsInVwZGF0ZSI6MzYwMDAwMDAwMDAwMH19",
          "dependencies": [
            "aws_eks_cluster.main",
            "aws_iam_role.eks_cluster",
            "aws_iam_role.node_group",
            "aws_iam_role_policy_attachment.cni_policy",
            "aws_iam_role_policy_attachment.ecr_policy",
            "aws_iam_role_policy_attachment.eks_cluster",
            "aws_iam_role_policy_attachment.eks_service",
            "aws_iam_role_policy_attachment.node_group_policy",
            "aws_subnet.private_subnet",
            "aws_subnet.public_subnet",
            "aws_vpc.vpc",
            "data.aws_iam_policy_document.assume_role_policy",
            "data.aws_ssm_parameter.eks_ami_release_version"
          ]
        }
      ]
    },
    {
      "mode": "managed",
      "type": "aws_iam_role",
      "name": "codebuild",
      "provider": "provider[\"registry.terraform.io/hashicorp/aws\"]",
      "instances": [
        {
          "schema_version": 0,
          "attributes": {
            "arn": "arn:aws:iam::759200944932:role/codebuild-role",
            "assume_role_policy": "{\"Statement\":[{\"Action\":\"sts:AssumeRole\",\"Effect\":\"Allow\",\"Principal\":{\"Service\":\"codebuild.amazonaws.com\"}}],\"Version\":\"2012-10-17\"}",
            "create_date": "2024-04-01T13:17:42Z",
            "description": "",
            "force_detach_policies": false,
            "id": "codebuild-role",
            "inline_policy": [],
            "managed_policy_arns": [],
            "max_session_duration": 3600,
            "name": "codebuild-role",
            "name_prefix": "",
            "path": "/",
            "permissions_boundary": null,
            "tags": null,
            "tags_all": {},
            "unique_id": "AROA3BQ7HCMSEBLAUWR4M"
          },
          "sensitive_attributes": [],
          "private": "bnVsbA=="
        }
      ]
    },
    {
      "mode": "managed",
      "type": "aws_iam_role",
      "name": "eks_cluster",
      "provider": "provider[\"registry.terraform.io/hashicorp/aws\"]",
      "instances": [
        {
          "schema_version": 0,
          "attributes": {
            "arn": "arn:aws:iam::759200944932:role/eks_cluster_role",
            "assume_role_policy": "{\"Statement\":[{\"Action\":\"sts:AssumeRole\",\"Effect\":\"Allow\",\"Principal\":{\"Service\":\"eks.amazonaws.com\"}}],\"Version\":\"2012-10-17\"}",
            "create_date": "2024-04-01T13:17:42Z",
            "description": "",
            "force_detach_policies": false,
            "id": "eks_cluster_role",
            "inline_policy": [],
            "managed_policy_arns": [],
            "max_session_duration": 3600,
            "name": "eks_cluster_role",
            "name_prefix": "",
            "path": "/",
            "permissions_boundary": null,
            "tags": null,
            "tags_all": {},
            "unique_id": "AROA3BQ7HCMSH37CIKIKV"
          },
          "sensitive_attributes": [],
          "private": "bnVsbA=="
        }
      ]
    },
    {
      "mode": "managed",
      "type": "aws_iam_role",
      "name": "node_group",
      "provider": "provider[\"registry.terraform.io/hashicorp/aws\"]",
      "instances": [
        {
          "schema_version": 0,
          "attributes": {
            "arn": "arn:aws:iam::759200944932:role/udacity-node-group",
            "assume_role_policy": "{\"Statement\":[{\"Action\":\"sts:AssumeRole\",\"Effect\":\"Allow\",\"Principal\":{\"Service\":\"ec2.amazonaws.com\"},\"Sid\":\"\"}],\"Version\":\"2012-10-17\"}",
            "create_date": "2024-04-01T13:17:42Z",
            "description": "",
            "force_detach_policies": false,
            "id": "udacity-node-group",
            "inline_policy": [],
            "managed_policy_arns": [],
            "max_session_duration": 3600,
            "name": "udacity-node-group",
            "name_prefix": "",
            "path": "/",
            "permissions_boundary": null,
            "tags": null,
            "tags_all": {},
            "unique_id": "AROA3BQ7HCMSLCV4SK6I3"
          },
          "sensitive_attributes": [],
          "private": "bnVsbA==",
          "dependencies": [
            "data.aws_iam_policy_document.assume_role_policy"
          ]
        }
      ]
    },
    {
      "mode": "managed",
      "type": "aws_iam_role_policy_attachment",
      "name": "cni_policy",
      "provider": "provider[\"registry.terraform.io/hashicorp/aws\"]",
      "instances": [
        {
          "schema_version": 0,
          "attributes": {
            "id": "udacity-node-group-20240401131742959400000005",
            "policy_arn": "arn:aws:iam::aws:policy/AmazonEKS_CNI_Policy",
            "role": "udacity-node-group"
          },
          "sensitive_attributes": [],
          "private": "bnVsbA==",
          "dependencies": [
            "aws_iam_role.node_group",
            "data.aws_iam_policy_document.assume_role_policy"
          ]
        }
      ]
    },
    {
      "mode": "managed",
      "type": "aws_iam_role_policy_attachment",
      "name": "codebuild",
      "provider": "provider[\"registry.terraform.io/hashicorp/aws\"]",
      "instances": [
        {
          "schema_version": 0,
          "attributes": {
            "id": "codebuild-role-20240401131742832000000002",
            "policy_arn": "arn:aws:iam::aws:policy/AWSCodeBuildAdminAccess",
            "role": "codebuild-role"
          },
          "sensitive_attributes": [],
          "private": "bnVsbA==",
          "dependencies": [
            "aws_iam_role.codebuild"
          ]
        }
      ]
    },
    {
      "mode": "managed",
      "type": "aws_iam_role_policy_attachment",
      "name": "ecr_policy",
      "provider": "provider[\"registry.terraform.io/hashicorp/aws\"]",
      "instances": [
        {
          "schema_version": 0,
          "attributes": {
            "id": "udacity-node-group-20240401131743216500000007",
            "policy_arn": "arn:aws:iam::aws:policy/AmazonEC2ContainerRegistryReadOnly",
            "role": "udacity-node-group"
          },
          "sensitive_attributes": [],
          "private": "bnVsbA==",
          "dependencies": [
            "aws_iam_role.node_group",
            "data.aws_iam_policy_document.assume_role_policy"
          ]
        }
      ]
    },
    {
      "mode": "managed",
      "type": "aws_iam_role_policy_attachment",
      "name": "eks_cluster",
      "provider": "provider[\"registry.terraform.io/hashicorp/aws\"]",
      "instances": [
        {
          "schema_version": 0,
          "attributes": {
            "id": "eks_cluster_role-20240401131742847400000003",
            "policy_arn": "arn:aws:iam::aws:policy/AmazonEKSClusterPolicy",
            "role": "eks_cluster_role"
          },
          "sensitive_attributes": [],
          "private": "bnVsbA==",
          "dependencies": [
            "aws_iam_role.eks_cluster"
          ]
        }
      ]
    },
    {
      "mode": "managed",
      "type": "aws_iam_role_policy_attachment",
      "name": "eks_service",
      "provider": "provider[\"registry.terraform.io/hashicorp/aws\"]",
      "instances": [
        {
          "schema_version": 0,
          "attributes": {
            "id": "eks_cluster_role-20240401131742923100000004",
            "policy_arn": "arn:aws:iam::aws:policy/AmazonEKSServicePolicy",
            "role": "eks_cluster_role"
          },
          "sensitive_attributes": [],
          "private": "bnVsbA==",
          "dependencies": [
            "aws_iam_role.eks_cluster"
          ]
        }
      ]
    },
    {
      "mode": "managed",
      "type": "aws_iam_role_policy_attachment",
      "name": "node_group_policy",
      "provider": "provider[\"registry.terraform.io/hashicorp/aws\"]",
      "instances": [
        {
          "schema_version": 0,
          "attributes": {
            "id": "udacity-node-group-20240401131743188200000006",
            "policy_arn": "arn:aws:iam::aws:policy/AmazonEKSWorkerNodePolicy",
            "role": "udacity-node-group"
          },
          "sensitive_attributes": [],
          "private": "bnVsbA==",
          "dependencies": [
            "aws_iam_role.node_group",
            "data.aws_iam_policy_document.assume_role_policy"
          ]
        }
      ]
    },
    {
      "mode": "managed",
      "type": "aws_iam_user",
      "name": "github_action_user",
      "provider": "provider[\"registry.terraform.io/hashicorp/aws\"]",
      "instances": [
        {
          "schema_version": 0,
          "attributes": {
            "arn": "arn:aws:iam::759200944932:user/github-action-user",
            "force_destroy": false,
            "id": "github-action-user",
            "name": "github-action-user",
            "path": "/",
            "permissions_boundary": null,
            "tags": null,
            "tags_all": {},
            "unique_id": "AIDA3BQ7HCMSLLAXNR7SL"
          },
          "sensitive_attributes": [],
          "private": "bnVsbA=="
        }
      ]
    },
    {
      "mode": "managed",
      "type": "aws_internet_gateway",
      "name": "igw",
      "provider": "provider[\"registry.terraform.io/hashicorp/aws\"]",
      "instances": [
        {
          "schema_version": 0,
          "attributes": {
            "arn": "arn:aws:ec2:us-east-1:759200944932:internet-gateway/igw-0f5c8ad765dfd79fa",
            "id": "igw-0f5c8ad765dfd79fa",
            "owner_id": "759200944932",
            "tags": null,
            "tags_all": {},
            "timeouts": null,
            "vpc_id": "vpc-0c4364ec132a7415c"
          },
          "sensitive_attributes": [],
          "private": "eyJlMmJmYjczMC1lY2FhLTExZTYtOGY4OC0zNDM2M2JjN2M0YzAiOnsiY3JlYXRlIjoxMjAwMDAwMDAwMDAwLCJkZWxldGUiOjEyMDAwMDAwMDAwMDAsInVwZGF0ZSI6MTIwMDAwMDAwMDAwMH19",
          "dependencies": [
            "aws_vpc.vpc"
          ]
        }
      ]
    },
    {
      "mode": "managed",
      "type": "aws_route_table",
      "name": "private",
      "provider": "provider[\"registry.terraform.io/hashicorp/aws\"]",
      "instances": [
        {
          "schema_version": 0,
          "attributes": {
            "arn": "arn:aws:ec2:us-east-1:759200944932:route-table/rtb-0de70670d116cb5ca",
            "id": "rtb-0de70670d116cb5ca",
            "owner_id": "759200944932",
            "propagating_vgws": [],
            "route": [],
            "tags": {
              "Name": "private"
            },
            "tags_all": {
              "Name": "private"
            },
            "timeouts": null,
            "vpc_id": "vpc-0c4364ec132a7415c"
          },
          "sensitive_attributes": [],
          "private": "eyJlMmJmYjczMC1lY2FhLTExZTYtOGY4OC0zNDM2M2JjN2M0YzAiOnsiY3JlYXRlIjozMDAwMDAwMDAwMDAsImRlbGV0ZSI6MzAwMDAwMDAwMDAwLCJ1cGRhdGUiOjEyMDAwMDAwMDAwMH19",
          "dependencies": [
            "aws_vpc.vpc"
          ]
        }
      ]
    },
    {
      "mode": "managed",
      "type": "aws_route_table",
      "name": "public",
      "provider": "provider[\"registry.terraform.io/hashicorp/aws\"]",
      "instances": [
        {
          "schema_version": 0,
          "attributes": {
            "arn": "arn:aws:ec2:us-east-1:759200944932:route-table/rtb-082e389ab1f437563",
            "id": "rtb-082e389ab1f437563",
            "owner_id": "759200944932",
            "propagating_vgws": [],
            "route": [
              {
                "carrier_gateway_id": "",
                "cidr_block": "0.0.0.0/0",
                "core_network_arn": "",
                "destination_prefix_list_id": "",
                "egress_only_gateway_id": "",
                "gateway_id": "igw-0f5c8ad765dfd79fa",
                "instance_id": "",
                "ipv6_cidr_block": "",
                "local_gateway_id": "",
                "nat_gateway_id": "",
                "network_interface_id": "",
                "transit_gateway_id": "",
                "vpc_endpoint_id": "",
                "vpc_peering_connection_id": ""
              }
            ],
            "tags": {
              "Name": "public"
            },
            "tags_all": {
              "Name": "public"
            },
            "timeouts": null,
            "vpc_id": "vpc-0c4364ec132a7415c"
          },
          "sensitive_attributes": [],
          "private": "eyJlMmJmYjczMC1lY2FhLTExZTYtOGY4OC0zNDM2M2JjN2M0YzAiOnsiY3JlYXRlIjozMDAwMDAwMDAwMDAsImRlbGV0ZSI6MzAwMDAwMDAwMDAwLCJ1cGRhdGUiOjEyMDAwMDAwMDAwMH19",
          "dependencies": [
            "aws_internet_gateway.igw",
            "aws_vpc.vpc"
          ]
        }
      ]
    },
    {
      "mode": "managed",
      "type": "aws_route_table_association",
      "name": "private",
      "provider": "provider[\"registry.terraform.io/hashicorp/aws\"]",
      "instances": [
        {
          "schema_version": 0,
          "attributes": {
            "gateway_id": "",
            "id": "rtbassoc-0ea71fb3cca1635a7",
            "route_table_id": "rtb-0de70670d116cb5ca",
            "subnet_id": "subnet-0c79bc26436165478"
          },
          "sensitive_attributes": [],
          "private": "bnVsbA==",
          "dependencies": [
            "aws_route_table.private",
            "aws_subnet.private_subnet",
            "aws_vpc.vpc"
          ]
        }
      ]
    },
    {
      "mode": "managed",
      "type": "aws_route_table_association",
      "name": "public",
      "provider": "provider[\"registry.terraform.io/hashicorp/aws\"]",
      "instances": [
        {
          "schema_version": 0,
          "attributes": {
            "gateway_id": "",
            "id": "rtbassoc-0619bc31bb599bfe4",
            "route_table_id": "rtb-082e389ab1f437563",
            "subnet_id": "subnet-080483c0f5938d060"
          },
          "sensitive_attributes": [],
          "private": "bnVsbA==",
          "dependencies": [
            "aws_internet_gateway.igw",
            "aws_route_table.public",
            "aws_subnet.public_subnet",
            "aws_vpc.vpc"
          ]
        }
      ]
    },
    {
      "mode": "managed",
      "type": "aws_subnet",
      "name": "private_subnet",
      "provider": "provider[\"registry.terraform.io/hashicorp/aws\"]",
      "instances": [
        {
          "schema_version": 1,
          "attributes": {
            "arn": "arn:aws:ec2:us-east-1:759200944932:subnet/subnet-0c79bc26436165478",
            "assign_ipv6_address_on_creation": false,
            "availability_zone": "us-east-1b",
            "availability_zone_id": "use1-az6",
            "cidr_block": "10.0.2.0/24",
            "customer_owned_ipv4_pool": "",
            "enable_dns64": false,
            "enable_resource_name_dns_a_record_on_launch": false,
            "enable_resource_name_dns_aaaa_record_on_launch": false,
            "id": "subnet-0c79bc26436165478",
            "ipv6_cidr_block": "",
            "ipv6_cidr_block_association_id": "",
            "ipv6_native": false,
            "map_customer_owned_ip_on_launch": false,
            "map_public_ip_on_launch": false,
            "outpost_arn": "",
            "owner_id": "759200944932",
            "private_dns_hostname_type_on_launch": "ip-name",
            "tags": {
              "Name": "udacity-private"
            },
            "tags_all": {
              "Name": "udacity-private"
            },
            "timeouts": null,
            "vpc_id": "vpc-0c4364ec132a7415c"
          },
          "sensitive_attributes": [],
          "private": "eyJlMmJmYjczMC1lY2FhLTExZTYtOGY4OC0zNDM2M2JjN2M0YzAiOnsiY3JlYXRlIjo2MDAwMDAwMDAwMDAsImRlbGV0ZSI6MTIwMDAwMDAwMDAwMH0sInNjaGVtYV92ZXJzaW9uIjoiMSJ9",
          "dependencies": [
            "aws_vpc.vpc"
          ]
        }
      ]
    },
    {
      "mode": "managed",
      "type": "aws_subnet",
      "name": "public_subnet",
      "provider": "provider[\"registry.terraform.io/hashicorp/aws\"]",
      "instances": [
        {
          "schema_version": 1,
          "attributes": {
            "arn": "arn:aws:ec2:us-east-1:759200944932:subnet/subnet-080483c0f5938d060",
            "assign_ipv6_address_on_creation": false,
            "availability_zone": "us-east-1a",
            "availability_zone_id": "use1-az4",
            "cidr_block": "10.0.1.0/24",
            "customer_owned_ipv4_pool": "",
            "enable_dns64": false,
            "enable_resource_name_dns_a_record_on_launch": false,
            "enable_resource_name_dns_aaaa_record_on_launch": false,
            "id": "subnet-080483c0f5938d060",
            "ipv6_cidr_block": "",
            "ipv6_cidr_block_association_id": "",
            "ipv6_native": false,
            "map_customer_owned_ip_on_launch": false,
            "map_public_ip_on_launch": true,
            "outpost_arn": "",
            "owner_id": "759200944932",
            "private_dns_hostname_type_on_launch": "ip-name",
            "tags": {
              "Name": "udacity-public"
            },
            "tags_all": {
              "Name": "udacity-public"
            },
            "timeouts": null,
            "vpc_id": "vpc-0c4364ec132a7415c"
          },
          "sensitive_attributes": [],
          "private": "eyJlMmJmYjczMC1lY2FhLTExZTYtOGY4OC0zNDM2M2JjN2M0YzAiOnsiY3JlYXRlIjo2MDAwMDAwMDAwMDAsImRlbGV0ZSI6MTIwMDAwMDAwMDAwMH0sInNjaGVtYV92ZXJzaW9uIjoiMSJ9",
          "dependencies": [
            "aws_vpc.vpc"
          ]
        }
      ]
    },
    {
      "mode": "managed",
      "type": "aws_vpc",
      "name": "vpc",
      "provider": "provider[\"registry.terraform.io/hashicorp/aws\"]",
      "instances": [
        {
          "schema_version": 1,
          "attributes": {
            "arn": "arn:aws:ec2:us-east-1:759200944932:vpc/vpc-0c4364ec132a7415c",
            "assign_generated_ipv6_cidr_block": false,
            "cidr_block": "10.0.0.0/16",
            "default_network_acl_id": "acl-0a3834c9f8ecb2b89",
            "default_route_table_id": "rtb-0e2ca915eb1c9b9c4",
            "default_security_group_id": "sg-04208d74ca39d8087",
            "dhcp_options_id": "dopt-07708d4f11772f898",
            "enable_classiclink": false,
            "enable_classiclink_dns_support": false,
            "enable_dns_hostnames": true,
            "enable_dns_support": true,
            "enable_network_address_usage_metrics": false,
            "id": "vpc-0c4364ec132a7415c",
            "instance_tenancy": "default",
            "ipv4_ipam_pool_id": null,
            "ipv4_netmask_length": null,
            "ipv6_association_id": "",
            "ipv6_cidr_block": "",
            "ipv6_cidr_block_network_border_group": "",
            "ipv6_ipam_pool_id": "",
            "ipv6_netmask_length": 0,
            "main_route_table_id": "rtb-0e2ca915eb1c9b9c4",
            "owner_id": "759200944932",
            "tags": {
              "Name": "udacity"
            },
            "tags_all": {
              "Name": "udacity"
            }
          },
          "sensitive_attributes": [],
          "private": "eyJzY2hlbWFfdmVyc2lvbiI6IjEifQ=="
        }
      ]
    }
  ],
  "check_results": null
}
